// !$*UTF8*$!
{
	archiveVersion = 1;
	classes = {
	};
	objectVersion = 46;
	objects = {

/* Begin PBXBuildFile section */
		9434232518A4B00A00D810D7 /* mainbar_bg.png in Resources */ = {isa = PBXBuildFile; fileRef = 9434232418A4B00A00D810D7 /* mainbar_bg.png */; };
		943C4DF618A8763A00643A7A /* BIDConfigViewController.m in Sources */ = {isa = PBXBuildFile; fileRef = 943C4DF418A8763A00643A7A /* BIDConfigViewController.m */; };
		943C4DF718A8763A00643A7A /* BIDConfigViewController.xib in Resources */ = {isa = PBXBuildFile; fileRef = 943C4DF518A8763A00643A7A /* BIDConfigViewController.xib */; };
		943C4DF918A89C0300643A7A /* bar_top.png in Resources */ = {isa = PBXBuildFile; fileRef = 943C4DF818A89C0300643A7A /* bar_top.png */; };
		943C4DFC18A8A44B00643A7A /* GRAlertView.m in Sources */ = {isa = PBXBuildFile; fileRef = 943C4DFB18A8A44B00643A7A /* GRAlertView.m */; };
		943C4DFE18A8DD0500643A7A /* btn_preset_s.png in Resources */ = {isa = PBXBuildFile; fileRef = 943C4DFD18A8DD0500643A7A /* btn_preset_s.png */; };
		943C4E0018A8DD1300643A7A /* btn_preset_h.png in Resources */ = {isa = PBXBuildFile; fileRef = 943C4DFF18A8DD1300643A7A /* btn_preset_h.png */; };
		943C4E0518A9007500643A7A /* btn_add_dis.png in Resources */ = {isa = PBXBuildFile; fileRef = 943C4E0118A9007500643A7A /* btn_add_dis.png */; };
		943C4E0618A9007500643A7A /* btn_add.png in Resources */ = {isa = PBXBuildFile; fileRef = 943C4E0218A9007500643A7A /* btn_add.png */; };
		943C4E0718A9007500643A7A /* btn_preset_h_dis.png in Resources */ = {isa = PBXBuildFile; fileRef = 943C4E0318A9007500643A7A /* btn_preset_h_dis.png */; };
		943C4E0818A9007500643A7A /* btn_preset_s_dis.png in Resources */ = {isa = PBXBuildFile; fileRef = 943C4E0418A9007500643A7A /* btn_preset_s_dis.png */; };
		943CFF5E18C851D900FB81F6 /* icon_29.png in Resources */ = {isa = PBXBuildFile; fileRef = 943CFF5A18C851D900FB81F6 /* icon_29.png */; };
		943CFF5F18C851D900FB81F6 /* icon_40.png in Resources */ = {isa = PBXBuildFile; fileRef = 943CFF5B18C851D900FB81F6 /* icon_40.png */; };
		943CFF6018C851D900FB81F6 /* icon_76.png in Resources */ = {isa = PBXBuildFile; fileRef = 943CFF5C18C851D900FB81F6 /* icon_76.png */; };
		943CFF6118C851D900FB81F6 /* icon_152.png in Resources */ = {isa = PBXBuildFile; fileRef = 943CFF5D18C851D900FB81F6 /* icon_152.png */; };
		9441D9331895EBCE0034D528 /* radio.png in Resources */ = {isa = PBXBuildFile; fileRef = 9441D9321895EBCE0034D528 /* radio.png */; };
		9441D9351895EBDD0034D528 /* album.png in Resources */ = {isa = PBXBuildFile; fileRef = 9441D9341895EBDD0034D528 /* album.png */; };
		9441D9371895ECE30034D528 /* bar_play_middle.png in Resources */ = {isa = PBXBuildFile; fileRef = 9441D9361895ECE30034D528 /* bar_play_middle.png */; };
		9441D9391895ECF50034D528 /* radio_bk.png in Resources */ = {isa = PBXBuildFile; fileRef = 9441D9381895ECF50034D528 /* radio_bk.png */; };
		9443B01F1883A02200CA161E /* SystemConfiguration.framework in Frameworks */ = {isa = PBXBuildFile; fileRef = 9443B01E1883A02200CA161E /* SystemConfiguration.framework */; };
		945F11F11894ECB6008BF222 /* vol.png in Resources */ = {isa = PBXBuildFile; fileRef = 945F11F01894ECB6008BF222 /* vol.png */; };
		945F11F318953D6E008BF222 /* mute.png in Resources */ = {isa = PBXBuildFile; fileRef = 945F11F218953D6E008BF222 /* mute.png */; };
		945F11F5189547E7008BF222 /* btn_stop.png in Resources */ = {isa = PBXBuildFile; fileRef = 945F11F4189547E7008BF222 /* btn_stop.png */; };
		945F11F7189548AF008BF222 /* bar_play_bottom.png in Resources */ = {isa = PBXBuildFile; fileRef = 945F11F6189548AF008BF222 /* bar_play_bottom.png */; };
		945F11F918954E24008BF222 /* bar_play_top.png in Resources */ = {isa = PBXBuildFile; fileRef = 945F11F818954E24008BF222 /* bar_play_top.png */; };
		9463FE0418D6DEF50025A803 /* info.png in Resources */ = {isa = PBXBuildFile; fileRef = 9463FE0318D6DEF50025A803 /* info.png */; };
		9467E5A218E03B7E0005D339 /* wifi_setting_ipad.png in Resources */ = {isa = PBXBuildFile; fileRef = 9467E59518E03B7E0005D339 /* wifi_setting_ipad.png */; };
		9467E5A318E03B7E0005D339 /* Service_ipad.png in Resources */ = {isa = PBXBuildFile; fileRef = 9467E59618E03B7E0005D339 /* Service_ipad.png */; };
		9467E5A418E03B7E0005D339 /* History_ipad.png in Resources */ = {isa = PBXBuildFile; fileRef = 9467E59718E03B7E0005D339 /* History_ipad.png */; };
		9467E5A518E03B7E0005D339 /* LocalRadio_ipad.png in Resources */ = {isa = PBXBuildFile; fileRef = 9467E59818E03B7E0005D339 /* LocalRadio_ipad.png */; };
		9467E5A618E03B7E0005D339 /* RadioMusic_ipad.png in Resources */ = {isa = PBXBuildFile; fileRef = 9467E59918E03B7E0005D339 /* RadioMusic_ipad.png */; };
		9467E5A718E03B7E0005D339 /* MyFavorite_ipad.png in Resources */ = {isa = PBXBuildFile; fileRef = 9467E59A18E03B7E0005D339 /* MyFavorite_ipad.png */; };
		9467E5A818E03B7E0005D339 /* home_ipad.png in Resources */ = {isa = PBXBuildFile; fileRef = 9467E59B18E03B7E0005D339 /* home_ipad.png */; };
		9467E5A918E03B7E0005D339 /* config_ipad.png in Resources */ = {isa = PBXBuildFile; fileRef = 9467E59C18E03B7E0005D339 /* config_ipad.png */; };
		9467E5AA18E03B7E0005D339 /* play_ipad.png in Resources */ = {isa = PBXBuildFile; fileRef = 9467E59D18E03B7E0005D339 /* play_ipad.png */; };
		9467E5AB18E03B7E0005D339 /* Radio_icon_ipad.png in Resources */ = {isa = PBXBuildFile; fileRef = 9467E59E18E03B7E0005D339 /* Radio_icon_ipad.png */; };
		9467E5AC18E03B7E0005D339 /* LocalRadio_icon_ipad.png in Resources */ = {isa = PBXBuildFile; fileRef = 9467E59F18E03B7E0005D339 /* LocalRadio_icon_ipad.png */; };
		9467E5AD18E03B7E0005D339 /* MediaCenter_icon_ipad.png in Resources */ = {isa = PBXBuildFile; fileRef = 9467E5A018E03B7E0005D339 /* MediaCenter_icon_ipad.png */; };
		9467E5AE18E03B7E0005D339 /* start_ipad.png in Resources */ = {isa = PBXBuildFile; fileRef = 9467E5A118E03B7E0005D339 /* start_ipad.png */; };
		9467E5B018E040A80005D339 /* mainbar_bg_ipad.png in Resources */ = {isa = PBXBuildFile; fileRef = 9467E5AF18E040A80005D339 /* mainbar_bg_ipad.png */; };
		9467E5B918E045DD0005D339 /* search_ipad.png in Resources */ = {isa = PBXBuildFile; fileRef = 9467E5B818E045DD0005D339 /* search_ipad.png */; };
		9467E5BB18E05CFC0005D339 /* BIDConfigViewController_ipad.xib in Resources */ = {isa = PBXBuildFile; fileRef = 9467E5BA18E05CFC0005D339 /* BIDConfigViewController_ipad.xib */; };
		9467E5BD18E0651B0005D339 /* bar_bg_ipad.png in Resources */ = {isa = PBXBuildFile; fileRef = 9467E5BC18E0651B0005D339 /* bar_bg_ipad.png */; };
		9475DC7A188E0E4A00AD1792 /* bk_list.png in Resources */ = {isa = PBXBuildFile; fileRef = 9475DC79188E0E4A00AD1792 /* bk_list.png */; };
		9475DC7C188E1CA100AD1792 /* bar_bg.png in Resources */ = {isa = PBXBuildFile; fileRef = 9475DC7B188E1CA100AD1792 /* bar_bg.png */; };
		9475DC8C188E4D0000AD1792 /* config.png in Resources */ = {isa = PBXBuildFile; fileRef = 9475DC8B188E4D0000AD1792 /* config.png */; };
		9475DC8E188E4F1500AD1792 /* play.png in Resources */ = {isa = PBXBuildFile; fileRef = 9475DC8D188E4F1500AD1792 /* play.png */; };
		9475DC90188E657A00AD1792 /* left.png in Resources */ = {isa = PBXBuildFile; fileRef = 9475DC8F188E657A00AD1792 /* left.png */; };
		947C675E18D40B0100E70B7F /* de.plist in Resources */ = {isa = PBXBuildFile; fileRef = 947C675D18D40B0100E70B7F /* de.plist */; };
		947C676118D40B0A00E70B7F /* en.plist in Resources */ = {isa = PBXBuildFile; fileRef = 947C675F18D40B0A00E70B7F /* en.plist */; };
		947C676218D40B0A00E70B7F /* fr.plist in Resources */ = {isa = PBXBuildFile; fileRef = 947C676018D40B0A00E70B7F /* fr.plist */; };
		947C676418D4145600E70B7F /* da.plist in Resources */ = {isa = PBXBuildFile; fileRef = 947C676318D4145600E70B7F /* da.plist */; };
		947C676618D415A800E70B7F /* sv.plist in Resources */ = {isa = PBXBuildFile; fileRef = 947C676518D415A800E70B7F /* sv.plist */; };
		947C676818D416B000E70B7F /* nb.plist in Resources */ = {isa = PBXBuildFile; fileRef = 947C676718D416B000E70B7F /* nb.plist */; };
		947C676A18D417A400E70B7F /* ru.plist in Resources */ = {isa = PBXBuildFile; fileRef = 947C676918D417A400E70B7F /* ru.plist */; };
		94A47D1C18DBFF7900CCB80A /* BIDSubViewController_iphone4.xib in Resources */ = {isa = PBXBuildFile; fileRef = 94A47D1B18DBFF7900CCB80A /* BIDSubViewController_iphone4.xib */; };
		94A47D1E18DC0B1100CCB80A /* BIDConfigViewController_iphone4.xib in Resources */ = {isa = PBXBuildFile; fileRef = 94A47D1D18DC0B1100CCB80A /* BIDConfigViewController_iphone4.xib */; };
		94A47D2118DC0CD600CCB80A /* BIDUIDevice.m in Sources */ = {isa = PBXBuildFile; fileRef = 94A47D2018DC0CD600CCB80A /* BIDUIDevice.m */; };
		94A47D2318DC102200CCB80A /* icon_58.png in Resources */ = {isa = PBXBuildFile; fileRef = 94A47D2218DC102200CCB80A /* icon_58.png */; };
		94A47D2518DC113800CCB80A /* icon_57.png in Resources */ = {isa = PBXBuildFile; fileRef = 94A47D2418DC113800CCB80A /* icon_57.png */; };
		94A47D2918DC115400CCB80A /* icon_100.png in Resources */ = {isa = PBXBuildFile; fileRef = 94A47D2618DC115400CCB80A /* icon_100.png */; };
		94A47D2A18DC115400CCB80A /* icon_114.png in Resources */ = {isa = PBXBuildFile; fileRef = 94A47D2718DC115400CCB80A /* icon_114.png */; };
		94A47D2B18DC115400CCB80A /* icon_144.png in Resources */ = {isa = PBXBuildFile; fileRef = 94A47D2818DC115400CCB80A /* icon_144.png */; };
		94A47D2D18DC118400CCB80A /* icon_50.png in Resources */ = {isa = PBXBuildFile; fileRef = 94A47D2C18DC118400CCB80A /* icon_50.png */; };
		94A47D2F18DC11BE00CCB80A /* icon_72.png in Resources */ = {isa = PBXBuildFile; fileRef = 94A47D2E18DC11BE00CCB80A /* icon_72.png */; };
		94A47D3118DC1E8500CCB80A /* Main_iphone4.xib in Resources */ = {isa = PBXBuildFile; fileRef = 94A47D3018DC1E8500CCB80A /* Main_iphone4.xib */; };
		94A47D3318DC266500CCB80A /* Main_iphone5.xib in Resources */ = {isa = PBXBuildFile; fileRef = 94A47D3218DC266500CCB80A /* Main_iphone5.xib */; };
		94A47D3518DC418900CCB80A /* start_320x480.png in Resources */ = {isa = PBXBuildFile; fileRef = 94A47D3418DC418900CCB80A /* start_320x480.png */; };
		94A47D3718DC480900CCB80A /* Main_ipad.xib in Resources */ = {isa = PBXBuildFile; fileRef = 94A47D3618DC480900CCB80A /* Main_ipad.xib */; };
		94A47D3918DC49F600CCB80A /* BIDSubViewController_ipad.xib in Resources */ = {isa = PBXBuildFile; fileRef = 94A47D3818DC49F600CCB80A /* BIDSubViewController_ipad.xib */; };
		94B122F718A9C3BD00CA3FF0 /* History.png in Resources */ = {isa = PBXBuildFile; fileRef = 94B122F218A9C3BD00CA3FF0 /* History.png */; };
		94B122F818A9C3BD00CA3FF0 /* LocalRadio.png in Resources */ = {isa = PBXBuildFile; fileRef = 94B122F318A9C3BD00CA3FF0 /* LocalRadio.png */; };
		94B122F918A9C3BD00CA3FF0 /* MyFavorite.png in Resources */ = {isa = PBXBuildFile; fileRef = 94B122F418A9C3BD00CA3FF0 /* MyFavorite.png */; };
		94B122FA18A9C3BD00CA3FF0 /* RadioMusic.png in Resources */ = {isa = PBXBuildFile; fileRef = 94B122F518A9C3BD00CA3FF0 /* RadioMusic.png */; };
		94B122FB18A9C3BD00CA3FF0 /* Service.png in Resources */ = {isa = PBXBuildFile; fileRef = 94B122F618A9C3BD00CA3FF0 /* Service.png */; };
		94B122FD18A9FA3800CA3FF0 /* search.png in Resources */ = {isa = PBXBuildFile; fileRef = 94B122FC18A9FA3800CA3FF0 /* search.png */; };
		94B122FF18A9FCE400CA3FF0 /* bar_notice.png in Resources */ = {isa = PBXBuildFile; fileRef = 94B122FE18A9FCE400CA3FF0 /* bar_notice.png */; };
		94B1230118A9FDAC00CA3FF0 /* bar_menu.png in Resources */ = {isa = PBXBuildFile; fileRef = 94B1230018A9FDAC00CA3FF0 /* bar_menu.png */; };
		94B2A20918C47E0700EFBC25 /* dlnarename_bg.png in Resources */ = {isa = PBXBuildFile; fileRef = 94B2A20818C47E0700EFBC25 /* dlnarename_bg.png */; };
		94B2A20B18C480D400EFBC25 /* btn_msg.png in Resources */ = {isa = PBXBuildFile; fileRef = 94B2A20A18C480D400EFBC25 /* btn_msg.png */; };
		94B2A20D18C4B9B500EFBC25 /* left_tab.png in Resources */ = {isa = PBXBuildFile; fileRef = 94B2A20C18C4B9B500EFBC25 /* left_tab.png */; };
		94B3752F187E9585007E1975 /* home.png in Resources */ = {isa = PBXBuildFile; fileRef = 94B3752E187E9585007E1975 /* home.png */; };
		94B37531187E9700007E1975 /* star.png in Resources */ = {isa = PBXBuildFile; fileRef = 94B37530187E9700007E1975 /* star.png */; };
		94BBDC8B18B495990005DF5B /* libupnpx.a in Frameworks */ = {isa = PBXBuildFile; fileRef = 94BBDC8A18B495990005DF5B /* libupnpx.a */; };
		94BBDC8D18B495F80005DF5B /* AudioToolbox.framework in Frameworks */ = {isa = PBXBuildFile; fileRef = 94BBDC8C18B495F80005DF5B /* AudioToolbox.framework */; };
		94BC632E187BA7E50038D7C4 /* BIDSubViewController.m in Sources */ = {isa = PBXBuildFile; fileRef = 94BC632C187BA7E50038D7C4 /* BIDSubViewController.m */; };
		94BC632F187BA7E50038D7C4 /* BIDSubViewController.xib in Resources */ = {isa = PBXBuildFile; fileRef = 94BC632D187BA7E50038D7C4 /* BIDSubViewController.xib */; };
		94BC6332187BD1F90038D7C4 /* BIDItemCell.m in Sources */ = {isa = PBXBuildFile; fileRef = 94BC6331187BD1F90038D7C4 /* BIDItemCell.m */; };
		94C840B8188654BF0050730A /* icon_80.png in Resources */ = {isa = PBXBuildFile; fileRef = 94C840B7188654BF0050730A /* icon_80.png */; };
		94C840BA188654C90050730A /* icon_120.png in Resources */ = {isa = PBXBuildFile; fileRef = 94C840B9188654C90050730A /* icon_120.png */; };
		94CCD41718C59D22005BEB2D /* wifi_setting.png in Resources */ = {isa = PBXBuildFile; fileRef = 94CCD41618C59D22005BEB2D /* wifi_setting.png */; };
		94CCD41918C5BF29005BEB2D /* btn_back.png in Resources */ = {isa = PBXBuildFile; fileRef = 94CCD41818C5BF29005BEB2D /* btn_back.png */; };
		94CCD41B18C5CAB9005BEB2D /* btn_preset_s_click.png in Resources */ = {isa = PBXBuildFile; fileRef = 94CCD41A18C5CAB9005BEB2D /* btn_preset_s_click.png */; };
		94D09A061898A0A90099F90C /* LocalRadio_icon.png in Resources */ = {isa = PBXBuildFile; fileRef = 94D09A031898A0A90099F90C /* LocalRadio_icon.png */; };
		94D09A081898A0A90099F90C /* Radio_icon.png in Resources */ = {isa = PBXBuildFile; fileRef = 94D09A051898A0A90099F90C /* Radio_icon.png */; };
		94D09A0A1898C5070099F90C /* MediaCenter_icon.png in Resources */ = {isa = PBXBuildFile; fileRef = 94D09A091898C5070099F90C /* MediaCenter_icon.png */; };
		94D09A0C1898CA840099F90C /* start.png in Resources */ = {isa = PBXBuildFile; fileRef = 94D09A0B1898CA840099F90C /* start.png */; };
		94F7DA3D187A9BE20008A500 /* InfoPlist.strings in Resources */ = {isa = PBXBuildFile; fileRef = 94F7DA3B187A9BE20008A500 /* InfoPlist.strings */; };
		94F7DA3F187A9BE20008A500 /* main.m in Sources */ = {isa = PBXBuildFile; fileRef = 94F7DA3E187A9BE20008A500 /* main.m */; };
		94F7DA43187A9BE20008A500 /* BIDAppDelegate.m in Sources */ = {isa = PBXBuildFile; fileRef = 94F7DA42187A9BE20008A500 /* BIDAppDelegate.m */; };
		94F7DA49187A9BE20008A500 /* BIDViewController.m in Sources */ = {isa = PBXBuildFile; fileRef = 94F7DA48187A9BE20008A500 /* BIDViewController.m */; };
		94F7DA4B187A9BE20008A500 /* Images.xcassets in Resources */ = {isa = PBXBuildFile; fileRef = 94F7DA4A187A9BE20008A500 /* Images.xcassets */; };
		94F7DA52187A9BE20008A500 /* XCTest.framework in Frameworks */ = {isa = PBXBuildFile; fileRef = 94F7DA51187A9BE20008A500 /* XCTest.framework */; };
		94F7DA5C187A9BE20008A500 /* InfoPlist.strings in Resources */ = {isa = PBXBuildFile; fileRef = 94F7DA5A187A9BE20008A500 /* InfoPlist.strings */; };
		94F7DA5E187A9BE20008A500 /* RemoterCtrlTests.m in Sources */ = {isa = PBXBuildFile; fileRef = 94F7DA5D187A9BE20008A500 /* RemoterCtrlTests.m */; };
		94F7DA7D187A9C720008A500 /* AFHTTPClient.m in Sources */ = {isa = PBXBuildFile; fileRef = 94F7DA6B187A9C720008A500 /* AFHTTPClient.m */; };
		94F7DA7E187A9C720008A500 /* AFHTTPRequestOperation.m in Sources */ = {isa = PBXBuildFile; fileRef = 94F7DA6D187A9C720008A500 /* AFHTTPRequestOperation.m */; };
		94F7DA7F187A9C720008A500 /* AFImageRequestOperation.m in Sources */ = {isa = PBXBuildFile; fileRef = 94F7DA6F187A9C720008A500 /* AFImageRequestOperation.m */; };
		94F7DA80187A9C720008A500 /* AFJSONRequestOperation.m in Sources */ = {isa = PBXBuildFile; fileRef = 94F7DA71187A9C720008A500 /* AFJSONRequestOperation.m */; };
		94F7DA81187A9C720008A500 /* AFNetworkActivityIndicatorManager.m in Sources */ = {isa = PBXBuildFile; fileRef = 94F7DA73187A9C720008A500 /* AFNetworkActivityIndicatorManager.m */; };
		94F7DA82187A9C720008A500 /* AFPropertyListRequestOperation.m in Sources */ = {isa = PBXBuildFile; fileRef = 94F7DA76187A9C720008A500 /* AFPropertyListRequestOperation.m */; };
		94F7DA83187A9C720008A500 /* AFURLConnectionOperation.m in Sources */ = {isa = PBXBuildFile; fileRef = 94F7DA78187A9C720008A500 /* AFURLConnectionOperation.m */; };
		94F7DA84187A9C720008A500 /* AFXMLRequestOperation.m in Sources */ = {isa = PBXBuildFile; fileRef = 94F7DA7A187A9C720008A500 /* AFXMLRequestOperation.m */; };
		94F7DA85187A9C720008A500 /* UIImageView+AFNetworking.m in Sources */ = {isa = PBXBuildFile; fileRef = 94F7DA7C187A9C720008A500 /* UIImageView+AFNetworking.m */; };
		94F7DA89187A9CA70008A500 /* MBProgressHUD.m in Sources */ = {isa = PBXBuildFile; fileRef = 94F7DA88187A9CA70008A500 /* MBProgressHUD.m */; };
		94F7DA90187A9CBE0008A500 /* 37x-Checkmark.png in Resources */ = {isa = PBXBuildFile; fileRef = 94F7DA8A187A9CBE0008A500 /* 37x-Checkmark.png */; };
		94F7DA91187A9CBE0008A500 /* 37x-Checkmark@2x.png in Resources */ = {isa = PBXBuildFile; fileRef = 94F7DA8B187A9CBE0008A500 /* 37x-Checkmark@2x.png */; };
		94F7DA92187A9CBE0008A500 /* MBProgressHUD+CustomAdditions.m in Sources */ = {isa = PBXBuildFile; fileRef = 94F7DA8D187A9CBE0008A500 /* MBProgressHUD+CustomAdditions.m */; };
		94F7DA93187A9CBE0008A500 /* ILHTTPClient.m in Sources */ = {isa = PBXBuildFile; fileRef = 94F7DA8F187A9CBE0008A500 /* ILHTTPClient.m */; };
		94F7DA96187AA9200008A500 /* BIDMenuProperty.m in Sources */ = {isa = PBXBuildFile; fileRef = 94F7DA95187AA9200008A500 /* BIDMenuProperty.m */; };
		94F7DA9C187AC1F90008A500 /* MobileCoreServices.framework in Frameworks */ = {isa = PBXBuildFile; fileRef = 94F7DA9B187AC1F90008A500 /* MobileCoreServices.framework */; };
		94F7DAA0187AC2160008A500 /* UIKit.framework in Frameworks */ = {isa = PBXBuildFile; fileRef = 94F7DA9F187AC2160008A500 /* UIKit.framework */; };
		94F7DAA2187AC2220008A500 /* Foundation.framework in Frameworks */ = {isa = PBXBuildFile; fileRef = 94F7DAA1187AC2220008A500 /* Foundation.framework */; };
		94F7DAA4187AC22E0008A500 /* CoreGraphics.framework in Frameworks */ = {isa = PBXBuildFile; fileRef = 94F7DAA3187AC22E0008A500 /* CoreGraphics.framework */; };
/* End PBXBuildFile section */

/* Begin PBXContainerItemProxy section */
		94F7DA55187A9BE20008A500 /* PBXContainerItemProxy */ = {
			isa = PBXContainerItemProxy;
			containerPortal = 94F7DA27187A9BE10008A500 /* Project object */;
			proxyType = 1;
			remoteGlobalIDString = 94F7DA2E187A9BE20008A500;
			remoteInfo = RemoterCtrl;
		};
/* End PBXContainerItemProxy section */

/* Begin PBXFileReference section */
		9434232418A4B00A00D810D7 /* mainbar_bg.png */ = {isa = PBXFileReference; lastKnownFileType = image.png; path = mainbar_bg.png; sourceTree = "<group>"; };
		943C4DF318A8763A00643A7A /* BIDConfigViewController.h */ = {isa = PBXFileReference; fileEncoding = 4; lastKnownFileType = sourcecode.c.h; path = BIDConfigViewController.h; sourceTree = "<group>"; };
		943C4DF418A8763A00643A7A /* BIDConfigViewController.m */ = {isa = PBXFileReference; fileEncoding = 4; lastKnownFileType = sourcecode.c.objc; path = BIDConfigViewController.m; sourceTree = "<group>"; };
		943C4DF518A8763A00643A7A /* BIDConfigViewController.xib */ = {isa = PBXFileReference; fileEncoding = 4; lastKnownFileType = file.xib; path = BIDConfigViewController.xib; sourceTree = "<group>"; };
		943C4DF818A89C0300643A7A /* bar_top.png */ = {isa = PBXFileReference; lastKnownFileType = image.png; path = bar_top.png; sourceTree = "<group>"; };
		943C4DFA18A8A44B00643A7A /* GRAlertView.h */ = {isa = PBXFileReference; fileEncoding = 4; lastKnownFileType = sourcecode.c.h; path = GRAlertView.h; sourceTree = "<group>"; };
		943C4DFB18A8A44B00643A7A /* GRAlertView.m */ = {isa = PBXFileReference; fileEncoding = 4; lastKnownFileType = sourcecode.c.objc; path = GRAlertView.m; sourceTree = "<group>"; };
		943C4DFD18A8DD0500643A7A /* btn_preset_s.png */ = {isa = PBXFileReference; lastKnownFileType = image.png; path = btn_preset_s.png; sourceTree = "<group>"; };
		943C4DFF18A8DD1300643A7A /* btn_preset_h.png */ = {isa = PBXFileReference; lastKnownFileType = image.png; path = btn_preset_h.png; sourceTree = "<group>"; };
		943C4E0118A9007500643A7A /* btn_add_dis.png */ = {isa = PBXFileReference; lastKnownFileType = image.png; path = btn_add_dis.png; sourceTree = "<group>"; };
		943C4E0218A9007500643A7A /* btn_add.png */ = {isa = PBXFileReference; lastKnownFileType = image.png; path = btn_add.png; sourceTree = "<group>"; };
		943C4E0318A9007500643A7A /* btn_preset_h_dis.png */ = {isa = PBXFileReference; lastKnownFileType = image.png; path = btn_preset_h_dis.png; sourceTree = "<group>"; };
		943C4E0418A9007500643A7A /* btn_preset_s_dis.png */ = {isa = PBXFileReference; lastKnownFileType = image.png; path = btn_preset_s_dis.png; sourceTree = "<group>"; };
		943CFF5A18C851D900FB81F6 /* icon_29.png */ = {isa = PBXFileReference; lastKnownFileType = image.png; path = icon_29.png; sourceTree = "<group>"; };
		943CFF5B18C851D900FB81F6 /* icon_40.png */ = {isa = PBXFileReference; lastKnownFileType = image.png; path = icon_40.png; sourceTree = "<group>"; };
		943CFF5C18C851D900FB81F6 /* icon_76.png */ = {isa = PBXFileReference; lastKnownFileType = image.png; path = icon_76.png; sourceTree = "<group>"; };
		943CFF5D18C851D900FB81F6 /* icon_152.png */ = {isa = PBXFileReference; lastKnownFileType = image.png; path = icon_152.png; sourceTree = "<group>"; };
		9441D9321895EBCE0034D528 /* radio.png */ = {isa = PBXFileReference; lastKnownFileType = image.png; path = radio.png; sourceTree = "<group>"; };
		9441D9341895EBDD0034D528 /* album.png */ = {isa = PBXFileReference; lastKnownFileType = image.png; path = album.png; sourceTree = "<group>"; };
		9441D9361895ECE30034D528 /* bar_play_middle.png */ = {isa = PBXFileReference; lastKnownFileType = image.png; path = bar_play_middle.png; sourceTree = "<group>"; };
		9441D9381895ECF50034D528 /* radio_bk.png */ = {isa = PBXFileReference; lastKnownFileType = image.png; path = radio_bk.png; sourceTree = "<group>"; };
		9443B01E1883A02200CA161E /* SystemConfiguration.framework */ = {isa = PBXFileReference; lastKnownFileType = wrapper.framework; name = SystemConfiguration.framework; path = System/Library/Frameworks/SystemConfiguration.framework; sourceTree = SDKROOT; };
		945F11F01894ECB6008BF222 /* vol.png */ = {isa = PBXFileReference; lastKnownFileType = image.png; path = vol.png; sourceTree = "<group>"; };
		945F11F218953D6E008BF222 /* mute.png */ = {isa = PBXFileReference; lastKnownFileType = image.png; path = mute.png; sourceTree = "<group>"; };
		945F11F4189547E7008BF222 /* btn_stop.png */ = {isa = PBXFileReference; lastKnownFileType = image.png; path = btn_stop.png; sourceTree = "<group>"; };
		945F11F6189548AF008BF222 /* bar_play_bottom.png */ = {isa = PBXFileReference; lastKnownFileType = image.png; path = bar_play_bottom.png; sourceTree = "<group>"; };
		945F11F818954E24008BF222 /* bar_play_top.png */ = {isa = PBXFileReference; lastKnownFileType = image.png; path = bar_play_top.png; sourceTree = "<group>"; };
		9463FE0318D6DEF50025A803 /* info.png */ = {isa = PBXFileReference; lastKnownFileType = image.png; path = info.png; sourceTree = "<group>"; };
		9467E59518E03B7E0005D339 /* wifi_setting_ipad.png */ = {isa = PBXFileReference; lastKnownFileType = image.png; path = wifi_setting_ipad.png; sourceTree = "<group>"; };
		9467E59618E03B7E0005D339 /* Service_ipad.png */ = {isa = PBXFileReference; lastKnownFileType = image.png; path = Service_ipad.png; sourceTree = "<group>"; };
		9467E59718E03B7E0005D339 /* History_ipad.png */ = {isa = PBXFileReference; lastKnownFileType = image.png; path = History_ipad.png; sourceTree = "<group>"; };
		9467E59818E03B7E0005D339 /* LocalRadio_ipad.png */ = {isa = PBXFileReference; lastKnownFileType = image.png; path = LocalRadio_ipad.png; sourceTree = "<group>"; };
		9467E59918E03B7E0005D339 /* RadioMusic_ipad.png */ = {isa = PBXFileReference; lastKnownFileType = image.png; path = RadioMusic_ipad.png; sourceTree = "<group>"; };
		9467E59A18E03B7E0005D339 /* MyFavorite_ipad.png */ = {isa = PBXFileReference; lastKnownFileType = image.png; path = MyFavorite_ipad.png; sourceTree = "<group>"; };
		9467E59B18E03B7E0005D339 /* home_ipad.png */ = {isa = PBXFileReference; lastKnownFileType = image.png; path = home_ipad.png; sourceTree = "<group>"; };
		9467E59C18E03B7E0005D339 /* config_ipad.png */ = {isa = PBXFileReference; lastKnownFileType = image.png; path = config_ipad.png; sourceTree = "<group>"; };
		9467E59D18E03B7E0005D339 /* play_ipad.png */ = {isa = PBXFileReference; lastKnownFileType = image.png; path = play_ipad.png; sourceTree = "<group>"; };
		9467E59E18E03B7E0005D339 /* Radio_icon_ipad.png */ = {isa = PBXFileReference; lastKnownFileType = image.png; path = Radio_icon_ipad.png; sourceTree = "<group>"; };
		9467E59F18E03B7E0005D339 /* LocalRadio_icon_ipad.png */ = {isa = PBXFileReference; lastKnownFileType = image.png; path = LocalRadio_icon_ipad.png; sourceTree = "<group>"; };
		9467E5A018E03B7E0005D339 /* MediaCenter_icon_ipad.png */ = {isa = PBXFileReference; lastKnownFileType = image.png; path = MediaCenter_icon_ipad.png; sourceTree = "<group>"; };
		9467E5A118E03B7E0005D339 /* start_ipad.png */ = {isa = PBXFileReference; lastKnownFileType = image.png; path = start_ipad.png; sourceTree = "<group>"; };
		9467E5AF18E040A80005D339 /* mainbar_bg_ipad.png */ = {isa = PBXFileReference; lastKnownFileType = image.png; path = mainbar_bg_ipad.png; sourceTree = "<group>"; };
		9467E5B818E045DD0005D339 /* search_ipad.png */ = {isa = PBXFileReference; lastKnownFileType = image.png; path = search_ipad.png; sourceTree = "<group>"; };
		9467E5BA18E05CFC0005D339 /* BIDConfigViewController_ipad.xib */ = {isa = PBXFileReference; fileEncoding = 4; lastKnownFileType = file.xib; path = BIDConfigViewController_ipad.xib; sourceTree = "<group>"; };
		9467E5BC18E0651B0005D339 /* bar_bg_ipad.png */ = {isa = PBXFileReference; lastKnownFileType = image.png; path = bar_bg_ipad.png; sourceTree = "<group>"; };
		9475DC79188E0E4A00AD1792 /* bk_list.png */ = {isa = PBXFileReference; lastKnownFileType = image.png; path = bk_list.png; sourceTree = "<group>"; };
		9475DC7B188E1CA100AD1792 /* bar_bg.png */ = {isa = PBXFileReference; lastKnownFileType = image.png; path = bar_bg.png; sourceTree = "<group>"; };
		9475DC8B188E4D0000AD1792 /* config.png */ = {isa = PBXFileReference; lastKnownFileType = image.png; path = config.png; sourceTree = "<group>"; };
		9475DC8D188E4F1500AD1792 /* play.png */ = {isa = PBXFileReference; lastKnownFileType = image.png; path = play.png; sourceTree = "<group>"; };
		9475DC8F188E657A00AD1792 /* left.png */ = {isa = PBXFileReference; lastKnownFileType = image.png; path = left.png; sourceTree = "<group>"; };
		947C675D18D40B0100E70B7F /* de.plist */ = {isa = PBXFileReference; fileEncoding = 4; lastKnownFileType = text.plist.xml; name = de.plist; path = language/de.plist; sourceTree = "<group>"; };
		947C675F18D40B0A00E70B7F /* en.plist */ = {isa = PBXFileReference; fileEncoding = 4; lastKnownFileType = text.plist.xml; name = en.plist; path = language/en.plist; sourceTree = "<group>"; };
		947C676018D40B0A00E70B7F /* fr.plist */ = {isa = PBXFileReference; fileEncoding = 4; lastKnownFileType = text.plist.xml; name = fr.plist; path = language/fr.plist; sourceTree = "<group>"; };
		947C676318D4145600E70B7F /* da.plist */ = {isa = PBXFileReference; fileEncoding = 4; lastKnownFileType = text.plist.xml; name = da.plist; path = language/da.plist; sourceTree = "<group>"; };
		947C676518D415A800E70B7F /* sv.plist */ = {isa = PBXFileReference; fileEncoding = 4; lastKnownFileType = text.plist.xml; name = sv.plist; path = language/sv.plist; sourceTree = "<group>"; };
		947C676718D416B000E70B7F /* nb.plist */ = {isa = PBXFileReference; fileEncoding = 4; lastKnownFileType = text.plist.xml; name = nb.plist; path = language/nb.plist; sourceTree = "<group>"; };
		947C676918D417A400E70B7F /* ru.plist */ = {isa = PBXFileReference; fileEncoding = 4; lastKnownFileType = text.plist.xml; name = ru.plist; path = language/ru.plist; sourceTree = "<group>"; };
		94A47D1B18DBFF7900CCB80A /* BIDSubViewController_iphone4.xib */ = {isa = PBXFileReference; fileEncoding = 4; lastKnownFileType = file.xib; path = BIDSubViewController_iphone4.xib; sourceTree = "<group>"; };
		94A47D1D18DC0B1100CCB80A /* BIDConfigViewController_iphone4.xib */ = {isa = PBXFileReference; fileEncoding = 4; lastKnownFileType = file.xib; path = BIDConfigViewController_iphone4.xib; sourceTree = "<group>"; };
		94A47D1F18DC0CD600CCB80A /* BIDUIDevice.h */ = {isa = PBXFileReference; fileEncoding = 4; lastKnownFileType = sourcecode.c.h; path = BIDUIDevice.h; sourceTree = "<group>"; };
		94A47D2018DC0CD600CCB80A /* BIDUIDevice.m */ = {isa = PBXFileReference; fileEncoding = 4; lastKnownFileType = sourcecode.c.objc; path = BIDUIDevice.m; sourceTree = "<group>"; };
		94A47D2218DC102200CCB80A /* icon_58.png */ = {isa = PBXFileReference; lastKnownFileType = image.png; path = icon_58.png; sourceTree = "<group>"; };
		94A47D2418DC113800CCB80A /* icon_57.png */ = {isa = PBXFileReference; lastKnownFileType = image.png; path = icon_57.png; sourceTree = "<group>"; };
		94A47D2618DC115400CCB80A /* icon_100.png */ = {isa = PBXFileReference; lastKnownFileType = image.png; path = icon_100.png; sourceTree = "<group>"; };
		94A47D2718DC115400CCB80A /* icon_114.png */ = {isa = PBXFileReference; lastKnownFileType = image.png; path = icon_114.png; sourceTree = "<group>"; };
		94A47D2818DC115400CCB80A /* icon_144.png */ = {isa = PBXFileReference; lastKnownFileType = image.png; path = icon_144.png; sourceTree = "<group>"; };
		94A47D2C18DC118400CCB80A /* icon_50.png */ = {isa = PBXFileReference; lastKnownFileType = image.png; path = icon_50.png; sourceTree = "<group>"; };
		94A47D2E18DC11BE00CCB80A /* icon_72.png */ = {isa = PBXFileReference; lastKnownFileType = image.png; path = icon_72.png; sourceTree = "<group>"; };
		94A47D3018DC1E8500CCB80A /* Main_iphone4.xib */ = {isa = PBXFileReference; fileEncoding = 4; lastKnownFileType = file.xib; path = Main_iphone4.xib; sourceTree = "<group>"; };
		94A47D3218DC266500CCB80A /* Main_iphone5.xib */ = {isa = PBXFileReference; fileEncoding = 4; lastKnownFileType = file.xib; path = Main_iphone5.xib; sourceTree = "<group>"; };
		94A47D3418DC418900CCB80A /* start_320x480.png */ = {isa = PBXFileReference; lastKnownFileType = image.png; path = start_320x480.png; sourceTree = "<group>"; };
		94A47D3618DC480900CCB80A /* Main_ipad.xib */ = {isa = PBXFileReference; fileEncoding = 4; lastKnownFileType = file.xib; path = Main_ipad.xib; sourceTree = "<group>"; };
		94A47D3818DC49F600CCB80A /* BIDSubViewController_ipad.xib */ = {isa = PBXFileReference; fileEncoding = 4; lastKnownFileType = file.xib; path = BIDSubViewController_ipad.xib; sourceTree = "<group>"; };
		94B122F218A9C3BD00CA3FF0 /* History.png */ = {isa = PBXFileReference; lastKnownFileType = image.png; path = History.png; sourceTree = "<group>"; };
		94B122F318A9C3BD00CA3FF0 /* LocalRadio.png */ = {isa = PBXFileReference; lastKnownFileType = image.png; path = LocalRadio.png; sourceTree = "<group>"; };
		94B122F418A9C3BD00CA3FF0 /* MyFavorite.png */ = {isa = PBXFileReference; lastKnownFileType = image.png; path = MyFavorite.png; sourceTree = "<group>"; };
		94B122F518A9C3BD00CA3FF0 /* RadioMusic.png */ = {isa = PBXFileReference; lastKnownFileType = image.png; path = RadioMusic.png; sourceTree = "<group>"; };
		94B122F618A9C3BD00CA3FF0 /* Service.png */ = {isa = PBXFileReference; lastKnownFileType = image.png; path = Service.png; sourceTree = "<group>"; };
		94B122FC18A9FA3800CA3FF0 /* search.png */ = {isa = PBXFileReference; lastKnownFileType = image.png; path = search.png; sourceTree = "<group>"; };
		94B122FE18A9FCE400CA3FF0 /* bar_notice.png */ = {isa = PBXFileReference; lastKnownFileType = image.png; path = bar_notice.png; sourceTree = "<group>"; };
		94B1230018A9FDAC00CA3FF0 /* bar_menu.png */ = {isa = PBXFileReference; lastKnownFileType = image.png; path = bar_menu.png; sourceTree = "<group>"; };
		94B2A20818C47E0700EFBC25 /* dlnarename_bg.png */ = {isa = PBXFileReference; lastKnownFileType = image.png; path = dlnarename_bg.png; sourceTree = "<group>"; };
		94B2A20A18C480D400EFBC25 /* btn_msg.png */ = {isa = PBXFileReference; lastKnownFileType = image.png; path = btn_msg.png; sourceTree = "<group>"; };
		94B2A20C18C4B9B500EFBC25 /* left_tab.png */ = {isa = PBXFileReference; lastKnownFileType = image.png; path = left_tab.png; sourceTree = "<group>"; };
		94B3752E187E9585007E1975 /* home.png */ = {isa = PBXFileReference; lastKnownFileType = image.png; path = home.png; sourceTree = "<group>"; };
		94B37530187E9700007E1975 /* star.png */ = {isa = PBXFileReference; lastKnownFileType = image.png; path = star.png; sourceTree = "<group>"; };
		94BBDC8A18B495990005DF5B /* libupnpx.a */ = {isa = PBXFileReference; lastKnownFileType = archive.ar; name = libupnpx.a; path = "../Library/Developer/Xcode/DerivedData/Remoter-gmngbfwyysfhmyerbetubvdzvflo/Build/Products/Debug-iphoneos/libupnpx.a"; sourceTree = "<group>"; };
		94BBDC8C18B495F80005DF5B /* AudioToolbox.framework */ = {isa = PBXFileReference; lastKnownFileType = wrapper.framework; name = AudioToolbox.framework; path = System/Library/Frameworks/AudioToolbox.framework; sourceTree = SDKROOT; };
		94BBDC8E18B495F80005DF5B /* RemoterCtrl.entitlements */ = {isa = PBXFileReference; lastKnownFileType = text.xml; path = RemoterCtrl.entitlements; sourceTree = "<group>"; };
		94BC632B187BA7E50038D7C4 /* BIDSubViewController.h */ = {isa = PBXFileReference; fileEncoding = 4; lastKnownFileType = sourcecode.c.h; path = BIDSubViewController.h; sourceTree = "<group>"; };
		94BC632C187BA7E50038D7C4 /* BIDSubViewController.m */ = {isa = PBXFileReference; fileEncoding = 4; lastKnownFileType = sourcecode.c.objc; path = BIDSubViewController.m; sourceTree = "<group>"; };
		94BC632D187BA7E50038D7C4 /* BIDSubViewController.xib */ = {isa = PBXFileReference; fileEncoding = 4; lastKnownFileType = file.xib; path = BIDSubViewController.xib; sourceTree = "<group>"; };
		94BC6330187BD1F90038D7C4 /* BIDItemCell.h */ = {isa = PBXFileReference; fileEncoding = 4; lastKnownFileType = sourcecode.c.h; path = BIDItemCell.h; sourceTree = "<group>"; };
		94BC6331187BD1F90038D7C4 /* BIDItemCell.m */ = {isa = PBXFileReference; fileEncoding = 4; lastKnownFileType = sourcecode.c.objc; path = BIDItemCell.m; sourceTree = "<group>"; };
		94C840B7188654BF0050730A /* icon_80.png */ = {isa = PBXFileReference; lastKnownFileType = image.png; path = icon_80.png; sourceTree = "<group>"; };
		94C840B9188654C90050730A /* icon_120.png */ = {isa = PBXFileReference; lastKnownFileType = image.png; path = icon_120.png; sourceTree = "<group>"; };
		94CCD41618C59D22005BEB2D /* wifi_setting.png */ = {isa = PBXFileReference; lastKnownFileType = image.png; path = wifi_setting.png; sourceTree = "<group>"; };
		94CCD41818C5BF29005BEB2D /* btn_back.png */ = {isa = PBXFileReference; lastKnownFileType = image.png; path = btn_back.png; sourceTree = "<group>"; };
		94CCD41A18C5CAB9005BEB2D /* btn_preset_s_click.png */ = {isa = PBXFileReference; lastKnownFileType = image.png; path = btn_preset_s_click.png; sourceTree = "<group>"; };
		94D09A031898A0A90099F90C /* LocalRadio_icon.png */ = {isa = PBXFileReference; lastKnownFileType = image.png; path = LocalRadio_icon.png; sourceTree = "<group>"; };
		94D09A051898A0A90099F90C /* Radio_icon.png */ = {isa = PBXFileReference; lastKnownFileType = image.png; path = Radio_icon.png; sourceTree = "<group>"; };
		94D09A091898C5070099F90C /* MediaCenter_icon.png */ = {isa = PBXFileReference; lastKnownFileType = image.png; path = MediaCenter_icon.png; sourceTree = "<group>"; };
		94D09A0B1898CA840099F90C /* start.png */ = {isa = PBXFileReference; lastKnownFileType = image.png; path = start.png; sourceTree = "<group>"; };
		94F7DA2F187A9BE20008A500 /* RemoterCtrl.app */ = {isa = PBXFileReference; explicitFileType = wrapper.application; includeInIndex = 0; path = RemoterCtrl.app; sourceTree = BUILT_PRODUCTS_DIR; };
		94F7DA3A187A9BE20008A500 /* RemoterCtrl-Info.plist */ = {isa = PBXFileReference; lastKnownFileType = text.plist.xml; path = "RemoterCtrl-Info.plist"; sourceTree = "<group>"; };
		94F7DA3C187A9BE20008A500 /* en */ = {isa = PBXFileReference; lastKnownFileType = text.plist.strings; name = en; path = en.lproj/InfoPlist.strings; sourceTree = "<group>"; };
		94F7DA3E187A9BE20008A500 /* main.m */ = {isa = PBXFileReference; lastKnownFileType = sourcecode.c.objc; path = main.m; sourceTree = "<group>"; };
		94F7DA40187A9BE20008A500 /* RemoterCtrl-Prefix.pch */ = {isa = PBXFileReference; lastKnownFileType = sourcecode.c.h; path = "RemoterCtrl-Prefix.pch"; sourceTree = "<group>"; };
		94F7DA41187A9BE20008A500 /* BIDAppDelegate.h */ = {isa = PBXFileReference; lastKnownFileType = sourcecode.c.h; path = BIDAppDelegate.h; sourceTree = "<group>"; };
		94F7DA42187A9BE20008A500 /* BIDAppDelegate.m */ = {isa = PBXFileReference; lastKnownFileType = sourcecode.c.objc; path = BIDAppDelegate.m; sourceTree = "<group>"; };
		94F7DA47187A9BE20008A500 /* BIDViewController.h */ = {isa = PBXFileReference; lastKnownFileType = sourcecode.c.h; path = BIDViewController.h; sourceTree = "<group>"; };
		94F7DA48187A9BE20008A500 /* BIDViewController.m */ = {isa = PBXFileReference; lastKnownFileType = sourcecode.c.objc; path = BIDViewController.m; sourceTree = "<group>"; };
		94F7DA4A187A9BE20008A500 /* Images.xcassets */ = {isa = PBXFileReference; lastKnownFileType = folder.assetcatalog; path = Images.xcassets; sourceTree = "<group>"; };
		94F7DA50187A9BE20008A500 /* RemoterCtrlTests.xctest */ = {isa = PBXFileReference; explicitFileType = wrapper.cfbundle; includeInIndex = 0; path = RemoterCtrlTests.xctest; sourceTree = BUILT_PRODUCTS_DIR; };
		94F7DA51187A9BE20008A500 /* XCTest.framework */ = {isa = PBXFileReference; lastKnownFileType = wrapper.framework; name = XCTest.framework; path = Library/Frameworks/XCTest.framework; sourceTree = DEVELOPER_DIR; };
		94F7DA59187A9BE20008A500 /* RemoterCtrlTests-Info.plist */ = {isa = PBXFileReference; lastKnownFileType = text.plist.xml; path = "RemoterCtrlTests-Info.plist"; sourceTree = "<group>"; };
		94F7DA5B187A9BE20008A500 /* en */ = {isa = PBXFileReference; lastKnownFileType = text.plist.strings; name = en; path = en.lproj/InfoPlist.strings; sourceTree = "<group>"; };
		94F7DA5D187A9BE20008A500 /* RemoterCtrlTests.m */ = {isa = PBXFileReference; lastKnownFileType = sourcecode.c.objc; path = RemoterCtrlTests.m; sourceTree = "<group>"; };
		94F7DA6A187A9C720008A500 /* AFHTTPClient.h */ = {isa = PBXFileReference; fileEncoding = 4; lastKnownFileType = sourcecode.c.h; path = AFHTTPClient.h; sourceTree = "<group>"; };
		94F7DA6B187A9C720008A500 /* AFHTTPClient.m */ = {isa = PBXFileReference; fileEncoding = 4; lastKnownFileType = sourcecode.c.objc; path = AFHTTPClient.m; sourceTree = "<group>"; };
		94F7DA6C187A9C720008A500 /* AFHTTPRequestOperation.h */ = {isa = PBXFileReference; fileEncoding = 4; lastKnownFileType = sourcecode.c.h; path = AFHTTPRequestOperation.h; sourceTree = "<group>"; };
		94F7DA6D187A9C720008A500 /* AFHTTPRequestOperation.m */ = {isa = PBXFileReference; fileEncoding = 4; lastKnownFileType = sourcecode.c.objc; path = AFHTTPRequestOperation.m; sourceTree = "<group>"; };
		94F7DA6E187A9C720008A500 /* AFImageRequestOperation.h */ = {isa = PBXFileReference; fileEncoding = 4; lastKnownFileType = sourcecode.c.h; path = AFImageRequestOperation.h; sourceTree = "<group>"; };
		94F7DA6F187A9C720008A500 /* AFImageRequestOperation.m */ = {isa = PBXFileReference; fileEncoding = 4; lastKnownFileType = sourcecode.c.objc; path = AFImageRequestOperation.m; sourceTree = "<group>"; };
		94F7DA70187A9C720008A500 /* AFJSONRequestOperation.h */ = {isa = PBXFileReference; fileEncoding = 4; lastKnownFileType = sourcecode.c.h; path = AFJSONRequestOperation.h; sourceTree = "<group>"; };
		94F7DA71187A9C720008A500 /* AFJSONRequestOperation.m */ = {isa = PBXFileReference; fileEncoding = 4; lastKnownFileType = sourcecode.c.objc; path = AFJSONRequestOperation.m; sourceTree = "<group>"; };
		94F7DA72187A9C720008A500 /* AFNetworkActivityIndicatorManager.h */ = {isa = PBXFileReference; fileEncoding = 4; lastKnownFileType = sourcecode.c.h; path = AFNetworkActivityIndicatorManager.h; sourceTree = "<group>"; };
		94F7DA73187A9C720008A500 /* AFNetworkActivityIndicatorManager.m */ = {isa = PBXFileReference; fileEncoding = 4; lastKnownFileType = sourcecode.c.objc; path = AFNetworkActivityIndicatorManager.m; sourceTree = "<group>"; };
		94F7DA74187A9C720008A500 /* AFNetworking.h */ = {isa = PBXFileReference; fileEncoding = 4; lastKnownFileType = sourcecode.c.h; path = AFNetworking.h; sourceTree = "<group>"; };
		94F7DA75187A9C720008A500 /* AFPropertyListRequestOperation.h */ = {isa = PBXFileReference; fileEncoding = 4; lastKnownFileType = sourcecode.c.h; path = AFPropertyListRequestOperation.h; sourceTree = "<group>"; };
		94F7DA76187A9C720008A500 /* AFPropertyListRequestOperation.m */ = {isa = PBXFileReference; fileEncoding = 4; lastKnownFileType = sourcecode.c.objc; path = AFPropertyListRequestOperation.m; sourceTree = "<group>"; };
		94F7DA77187A9C720008A500 /* AFURLConnectionOperation.h */ = {isa = PBXFileReference; fileEncoding = 4; lastKnownFileType = sourcecode.c.h; path = AFURLConnectionOperation.h; sourceTree = "<group>"; };
		94F7DA78187A9C720008A500 /* AFURLConnectionOperation.m */ = {isa = PBXFileReference; fileEncoding = 4; lastKnownFileType = sourcecode.c.objc; path = AFURLConnectionOperation.m; sourceTree = "<group>"; };
		94F7DA79187A9C720008A500 /* AFXMLRequestOperation.h */ = {isa = PBXFileReference; fileEncoding = 4; lastKnownFileType = sourcecode.c.h; path = AFXMLRequestOperation.h; sourceTree = "<group>"; };
		94F7DA7A187A9C720008A500 /* AFXMLRequestOperation.m */ = {isa = PBXFileReference; fileEncoding = 4; lastKnownFileType = sourcecode.c.objc; path = AFXMLRequestOperation.m; sourceTree = "<group>"; };
		94F7DA7B187A9C720008A500 /* UIImageView+AFNetworking.h */ = {isa = PBXFileReference; fileEncoding = 4; lastKnownFileType = sourcecode.c.h; path = "UIImageView+AFNetworking.h"; sourceTree = "<group>"; };
		94F7DA7C187A9C720008A500 /* UIImageView+AFNetworking.m */ = {isa = PBXFileReference; fileEncoding = 4; lastKnownFileType = sourcecode.c.objc; path = "UIImageView+AFNetworking.m"; sourceTree = "<group>"; };
		94F7DA87187A9CA70008A500 /* MBProgressHUD.h */ = {isa = PBXFileReference; fileEncoding = 4; lastKnownFileType = sourcecode.c.h; path = MBProgressHUD.h; sourceTree = "<group>"; };
		94F7DA88187A9CA70008A500 /* MBProgressHUD.m */ = {isa = PBXFileReference; fileEncoding = 4; lastKnownFileType = sourcecode.c.objc; path = MBProgressHUD.m; sourceTree = "<group>"; };
		94F7DA8A187A9CBE0008A500 /* 37x-Checkmark.png */ = {isa = PBXFileReference; lastKnownFileType = image.png; path = "37x-Checkmark.png"; sourceTree = "<group>"; };
		94F7DA8B187A9CBE0008A500 /* 37x-Checkmark@2x.png */ = {isa = PBXFileReference; lastKnownFileType = image.png; path = "37x-Checkmark@2x.png"; sourceTree = "<group>"; };
		94F7DA8C187A9CBE0008A500 /* MBProgressHUD+CustomAdditions.h */ = {isa = PBXFileReference; fileEncoding = 4; lastKnownFileType = sourcecode.c.h; path = "MBProgressHUD+CustomAdditions.h"; sourceTree = "<group>"; };
		94F7DA8D187A9CBE0008A500 /* MBProgressHUD+CustomAdditions.m */ = {isa = PBXFileReference; fileEncoding = 4; lastKnownFileType = sourcecode.c.objc; path = "MBProgressHUD+CustomAdditions.m"; sourceTree = "<group>"; };
		94F7DA8E187A9CBE0008A500 /* ILHTTPClient.h */ = {isa = PBXFileReference; fileEncoding = 4; lastKnownFileType = sourcecode.c.h; path = ILHTTPClient.h; sourceTree = "<group>"; };
		94F7DA8F187A9CBE0008A500 /* ILHTTPClient.m */ = {isa = PBXFileReference; fileEncoding = 4; lastKnownFileType = sourcecode.c.objc; path = ILHTTPClient.m; sourceTree = "<group>"; };
		94F7DA94187AA9200008A500 /* BIDMenuProperty.h */ = {isa = PBXFileReference; fileEncoding = 4; lastKnownFileType = sourcecode.c.h; path = BIDMenuProperty.h; sourceTree = "<group>"; };
		94F7DA95187AA9200008A500 /* BIDMenuProperty.m */ = {isa = PBXFileReference; fileEncoding = 4; lastKnownFileType = sourcecode.c.objc; path = BIDMenuProperty.m; sourceTree = "<group>"; };
		94F7DA9B187AC1F90008A500 /* MobileCoreServices.framework */ = {isa = PBXFileReference; lastKnownFileType = wrapper.framework; name = MobileCoreServices.framework; path = System/Library/Frameworks/MobileCoreServices.framework; sourceTree = SDKROOT; };
		94F7DA9F187AC2160008A500 /* UIKit.framework */ = {isa = PBXFileReference; lastKnownFileType = wrapper.framework; name = UIKit.framework; path = System/Library/Frameworks/UIKit.framework; sourceTree = SDKROOT; };
		94F7DAA1187AC2220008A500 /* Foundation.framework */ = {isa = PBXFileReference; lastKnownFileType = wrapper.framework; name = Foundation.framework; path = System/Library/Frameworks/Foundation.framework; sourceTree = SDKROOT; };
		94F7DAA3187AC22E0008A500 /* CoreGraphics.framework */ = {isa = PBXFileReference; lastKnownFileType = wrapper.framework; name = CoreGraphics.framework; path = System/Library/Frameworks/CoreGraphics.framework; sourceTree = SDKROOT; };
/* End PBXFileReference section */

/* Begin PBXFrameworksBuildPhase section */
		94F7DA2C187A9BE20008A500 /* Frameworks */ = {
			isa = PBXFrameworksBuildPhase;
			buildActionMask = 2147483647;
			files = (
				94BBDC8B18B495990005DF5B /* libupnpx.a in Frameworks */,
				9443B01F1883A02200CA161E /* SystemConfiguration.framework in Frameworks */,
				94F7DAA4187AC22E0008A500 /* CoreGraphics.framework in Frameworks */,
				94F7DAA2187AC2220008A500 /* Foundation.framework in Frameworks */,
				94BBDC8D18B495F80005DF5B /* AudioToolbox.framework in Frameworks */,
				94F7DAA0187AC2160008A500 /* UIKit.framework in Frameworks */,
				94F7DA9C187AC1F90008A500 /* MobileCoreServices.framework in Frameworks */,
			);
			runOnlyForDeploymentPostprocessing = 0;
		};
		94F7DA4D187A9BE20008A500 /* Frameworks */ = {
			isa = PBXFrameworksBuildPhase;
			buildActionMask = 2147483647;
			files = (
				94F7DA52187A9BE20008A500 /* XCTest.framework in Frameworks */,
			);
			runOnlyForDeploymentPostprocessing = 0;
		};
/* End PBXFrameworksBuildPhase section */

/* Begin PBXGroup section */
		947C675C18D4087600E70B7F /* language */ = {
			isa = PBXGroup;
			children = (
				947C675F18D40B0A00E70B7F /* en.plist */,
				947C675D18D40B0100E70B7F /* de.plist */,
				947C676018D40B0A00E70B7F /* fr.plist */,
				947C676318D4145600E70B7F /* da.plist */,
				947C676518D415A800E70B7F /* sv.plist */,
				947C676718D416B000E70B7F /* nb.plist */,
				947C676918D417A400E70B7F /* ru.plist */,
			);
			name = language;
			sourceTree = "<group>";
		};
		94A47D0C18DBE86700CCB80A /* iPad */ = {
			isa = PBXGroup;
			children = (
				94A47D3618DC480900CCB80A /* Main_ipad.xib */,
				94A47D3818DC49F600CCB80A /* BIDSubViewController_ipad.xib */,
				9467E5BA18E05CFC0005D339 /* BIDConfigViewController_ipad.xib */,
			);
			name = iPad;
			sourceTree = "<group>";
		};
		94A47D1718DBFD7D00CCB80A /* iPhone4 */ = {
			isa = PBXGroup;
			children = (
				94A47D1B18DBFF7900CCB80A /* BIDSubViewController_iphone4.xib */,
				94A47D1D18DC0B1100CCB80A /* BIDConfigViewController_iphone4.xib */,
				94A47D3018DC1E8500CCB80A /* Main_iphone4.xib */,
			);
			name = iPhone4;
			sourceTree = "<group>";
		};
		94A47D1A18DBFDE600CCB80A /* iPhone5 */ = {
			isa = PBXGroup;
			children = (
				94BC632D187BA7E50038D7C4 /* BIDSubViewController.xib */,
				943C4DF518A8763A00643A7A /* BIDConfigViewController.xib */,
				94A47D3218DC266500CCB80A /* Main_iphone5.xib */,
			);
			name = iPhone5;
			sourceTree = "<group>";
		};
		94B3752D187E9585007E1975 /* icon */ = {
			isa = PBXGroup;
			children = (
				9467E5B818E045DD0005D339 /* search_ipad.png */,
				9467E5BC18E0651B0005D339 /* bar_bg_ipad.png */,
				9467E5AF18E040A80005D339 /* mainbar_bg_ipad.png */,
				9467E59518E03B7E0005D339 /* wifi_setting_ipad.png */,
				9467E59618E03B7E0005D339 /* Service_ipad.png */,
				9467E59718E03B7E0005D339 /* History_ipad.png */,
				9467E59818E03B7E0005D339 /* LocalRadio_ipad.png */,
				9467E59918E03B7E0005D339 /* RadioMusic_ipad.png */,
				9467E59A18E03B7E0005D339 /* MyFavorite_ipad.png */,
				9467E59B18E03B7E0005D339 /* home_ipad.png */,
				9467E59C18E03B7E0005D339 /* config_ipad.png */,
				9467E59D18E03B7E0005D339 /* play_ipad.png */,
				9467E59E18E03B7E0005D339 /* Radio_icon_ipad.png */,
				9467E59F18E03B7E0005D339 /* LocalRadio_icon_ipad.png */,
				9467E5A018E03B7E0005D339 /* MediaCenter_icon_ipad.png */,
				9467E5A118E03B7E0005D339 /* start_ipad.png */,
				94A47D3418DC418900CCB80A /* start_320x480.png */,
				9463FE0318D6DEF50025A803 /* info.png */,
				943CFF5A18C851D900FB81F6 /* icon_29.png */,
				943CFF5B18C851D900FB81F6 /* icon_40.png */,
				94A47D2C18DC118400CCB80A /* icon_50.png */,
				94A47D2418DC113800CCB80A /* icon_57.png */,
				94A47D2218DC102200CCB80A /* icon_58.png */,
				94A47D2E18DC11BE00CCB80A /* icon_72.png */,
				943CFF5C18C851D900FB81F6 /* icon_76.png */,
				94C840B7188654BF0050730A /* icon_80.png */,
				94A47D2618DC115400CCB80A /* icon_100.png */,
				94A47D2718DC115400CCB80A /* icon_114.png */,
				94C840B9188654C90050730A /* icon_120.png */,
				94A47D2818DC115400CCB80A /* icon_144.png */,
				943CFF5D18C851D900FB81F6 /* icon_152.png */,
				94CCD41A18C5CAB9005BEB2D /* btn_preset_s_click.png */,
				94CCD41818C5BF29005BEB2D /* btn_back.png */,
				94CCD41618C59D22005BEB2D /* wifi_setting.png */,
				94B2A20C18C4B9B500EFBC25 /* left_tab.png */,
				94B2A20A18C480D400EFBC25 /* btn_msg.png */,
				94B2A20818C47E0700EFBC25 /* dlnarename_bg.png */,
				94B1230018A9FDAC00CA3FF0 /* bar_menu.png */,
				94B122FE18A9FCE400CA3FF0 /* bar_notice.png */,
				94B122FC18A9FA3800CA3FF0 /* search.png */,
				94B122F218A9C3BD00CA3FF0 /* History.png */,
				94B122F318A9C3BD00CA3FF0 /* LocalRadio.png */,
				94B122F418A9C3BD00CA3FF0 /* MyFavorite.png */,
				94B122F518A9C3BD00CA3FF0 /* RadioMusic.png */,
				94B122F618A9C3BD00CA3FF0 /* Service.png */,
				943C4E0118A9007500643A7A /* btn_add_dis.png */,
				943C4E0218A9007500643A7A /* btn_add.png */,
				943C4E0318A9007500643A7A /* btn_preset_h_dis.png */,
				943C4E0418A9007500643A7A /* btn_preset_s_dis.png */,
				943C4DFF18A8DD1300643A7A /* btn_preset_h.png */,
				943C4DFD18A8DD0500643A7A /* btn_preset_s.png */,
				943C4DF818A89C0300643A7A /* bar_top.png */,
				9434232418A4B00A00D810D7 /* mainbar_bg.png */,
				94D09A0B1898CA840099F90C /* start.png */,
				94D09A091898C5070099F90C /* MediaCenter_icon.png */,
				94D09A031898A0A90099F90C /* LocalRadio_icon.png */,
				94D09A051898A0A90099F90C /* Radio_icon.png */,
				9441D9341895EBDD0034D528 /* album.png */,
				9441D9321895EBCE0034D528 /* radio.png */,
				945F11F818954E24008BF222 /* bar_play_top.png */,
				9441D9361895ECE30034D528 /* bar_play_middle.png */,
				945F11F6189548AF008BF222 /* bar_play_bottom.png */,
				945F11F4189547E7008BF222 /* btn_stop.png */,
				945F11F218953D6E008BF222 /* mute.png */,
				945F11F01894ECB6008BF222 /* vol.png */,
				9475DC8D188E4F1500AD1792 /* play.png */,
				9475DC8F188E657A00AD1792 /* left.png */,
				9475DC8B188E4D0000AD1792 /* config.png */,
				9475DC7B188E1CA100AD1792 /* bar_bg.png */,
				9475DC79188E0E4A00AD1792 /* bk_list.png */,
				94B37530187E9700007E1975 /* star.png */,
				94B3752E187E9585007E1975 /* home.png */,
				9441D9381895ECF50034D528 /* radio_bk.png */,
			);
			path = icon;
			sourceTree = SOURCE_ROOT;
		};
		94F7DA26187A9BE10008A500 = {
			isa = PBXGroup;
			children = (
				94F7DA38187A9BE20008A500 /* RemoterCtrl */,
				94F7DA57187A9BE20008A500 /* RemoterCtrlTests */,
				94F7DA31187A9BE20008A500 /* Frameworks */,
				94F7DA30187A9BE20008A500 /* Products */,
			);
			sourceTree = "<group>";
		};
		94F7DA30187A9BE20008A500 /* Products */ = {
			isa = PBXGroup;
			children = (
				94F7DA2F187A9BE20008A500 /* RemoterCtrl.app */,
				94F7DA50187A9BE20008A500 /* RemoterCtrlTests.xctest */,
			);
			name = Products;
			sourceTree = "<group>";
		};
		94F7DA31187A9BE20008A500 /* Frameworks */ = {
			isa = PBXGroup;
			children = (
				94BBDC8C18B495F80005DF5B /* AudioToolbox.framework */,
				94BBDC8A18B495990005DF5B /* libupnpx.a */,
				9443B01E1883A02200CA161E /* SystemConfiguration.framework */,
				94F7DAA3187AC22E0008A500 /* CoreGraphics.framework */,
				94F7DAA1187AC2220008A500 /* Foundation.framework */,
				94F7DA9F187AC2160008A500 /* UIKit.framework */,
				94F7DA9B187AC1F90008A500 /* MobileCoreServices.framework */,
				94F7DA51187A9BE20008A500 /* XCTest.framework */,
			);
			name = Frameworks;
			sourceTree = "<group>";
		};
		94F7DA38187A9BE20008A500 /* RemoterCtrl */ = {
			isa = PBXGroup;
			children = (
				94A47D1A18DBFDE600CCB80A /* iPhone5 */,
				94A47D1718DBFD7D00CCB80A /* iPhone4 */,
				94A47D0C18DBE86700CCB80A /* iPad */,
				947C675C18D4087600E70B7F /* language */,
				94BBDC8E18B495F80005DF5B /* RemoterCtrl.entitlements */,
				943C4DFA18A8A44B00643A7A /* GRAlertView.h */,
				943C4DFB18A8A44B00643A7A /* GRAlertView.m */,
				94F7DA39187A9BE20008A500 /* Supporting Files */,
				94F7DA67187A9C340008A500 /* ILHTTPClient */,
				94B3752D187E9585007E1975 /* icon */,
				94F7DA41187A9BE20008A500 /* BIDAppDelegate.h */,
				94F7DA42187A9BE20008A500 /* BIDAppDelegate.m */,
				94F7DA47187A9BE20008A500 /* BIDViewController.h */,
				94F7DA48187A9BE20008A500 /* BIDViewController.m */,
				94F7DA4A187A9BE20008A500 /* Images.xcassets */,
				94F7DA94187AA9200008A500 /* BIDMenuProperty.h */,
				94F7DA95187AA9200008A500 /* BIDMenuProperty.m */,
				94BC632B187BA7E50038D7C4 /* BIDSubViewController.h */,
				94BC632C187BA7E50038D7C4 /* BIDSubViewController.m */,
				94BC6330187BD1F90038D7C4 /* BIDItemCell.h */,
				94BC6331187BD1F90038D7C4 /* BIDItemCell.m */,
				943C4DF318A8763A00643A7A /* BIDConfigViewController.h */,
				943C4DF418A8763A00643A7A /* BIDConfigViewController.m */,
				94A47D1F18DC0CD600CCB80A /* BIDUIDevice.h */,
				94A47D2018DC0CD600CCB80A /* BIDUIDevice.m */,
			);
			path = RemoterCtrl;
			sourceTree = "<group>";
		};
		94F7DA39187A9BE20008A500 /* Supporting Files */ = {
			isa = PBXGroup;
			children = (
				94F7DA3A187A9BE20008A500 /* RemoterCtrl-Info.plist */,
				94F7DA3B187A9BE20008A500 /* InfoPlist.strings */,
				94F7DA3E187A9BE20008A500 /* main.m */,
				94F7DA40187A9BE20008A500 /* RemoterCtrl-Prefix.pch */,
			);
			name = "Supporting Files";
			sourceTree = "<group>";
		};
		94F7DA57187A9BE20008A500 /* RemoterCtrlTests */ = {
			isa = PBXGroup;
			children = (
				94F7DA5D187A9BE20008A500 /* RemoterCtrlTests.m */,
				94F7DA58187A9BE20008A500 /* Supporting Files */,
			);
			path = RemoterCtrlTests;
			sourceTree = "<group>";
		};
		94F7DA58187A9BE20008A500 /* Supporting Files */ = {
			isa = PBXGroup;
			children = (
				94F7DA59187A9BE20008A500 /* RemoterCtrlTests-Info.plist */,
				94F7DA5A187A9BE20008A500 /* InfoPlist.strings */,
			);
			name = "Supporting Files";
			sourceTree = "<group>";
		};
		94F7DA67187A9C340008A500 /* ILHTTPClient */ = {
			isa = PBXGroup;
			children = (
				94F7DA8A187A9CBE0008A500 /* 37x-Checkmark.png */,
				94F7DA8B187A9CBE0008A500 /* 37x-Checkmark@2x.png */,
				94F7DA8C187A9CBE0008A500 /* MBProgressHUD+CustomAdditions.h */,
				94F7DA8D187A9CBE0008A500 /* MBProgressHUD+CustomAdditions.m */,
				94F7DA8E187A9CBE0008A500 /* ILHTTPClient.h */,
				94F7DA8F187A9CBE0008A500 /* ILHTTPClient.m */,
				94F7DA68187A9C460008A500 /* Helper files */,
			);
			name = ILHTTPClient;
			path = ..;
			sourceTree = "<group>";
		};
		94F7DA68187A9C460008A500 /* Helper files */ = {
			isa = PBXGroup;
			children = (
				94F7DA86187A9C7D0008A500 /* MBProgressHUD */,
				94F7DA69187A9C720008A500 /* AFNetworking */,
			);
			name = "Helper files";
			sourceTree = "<group>";
		};
		94F7DA69187A9C720008A500 /* AFNetworking */ = {
			isa = PBXGroup;
			children = (
				94F7DA6A187A9C720008A500 /* AFHTTPClient.h */,
				94F7DA6B187A9C720008A500 /* AFHTTPClient.m */,
				94F7DA6C187A9C720008A500 /* AFHTTPRequestOperation.h */,
				94F7DA6D187A9C720008A500 /* AFHTTPRequestOperation.m */,
				94F7DA6E187A9C720008A500 /* AFImageRequestOperation.h */,
				94F7DA6F187A9C720008A500 /* AFImageRequestOperation.m */,
				94F7DA70187A9C720008A500 /* AFJSONRequestOperation.h */,
				94F7DA71187A9C720008A500 /* AFJSONRequestOperation.m */,
				94F7DA72187A9C720008A500 /* AFNetworkActivityIndicatorManager.h */,
				94F7DA73187A9C720008A500 /* AFNetworkActivityIndicatorManager.m */,
				94F7DA74187A9C720008A500 /* AFNetworking.h */,
				94F7DA75187A9C720008A500 /* AFPropertyListRequestOperation.h */,
				94F7DA76187A9C720008A500 /* AFPropertyListRequestOperation.m */,
				94F7DA77187A9C720008A500 /* AFURLConnectionOperation.h */,
				94F7DA78187A9C720008A500 /* AFURLConnectionOperation.m */,
				94F7DA79187A9C720008A500 /* AFXMLRequestOperation.h */,
				94F7DA7A187A9C720008A500 /* AFXMLRequestOperation.m */,
				94F7DA7B187A9C720008A500 /* UIImageView+AFNetworking.h */,
				94F7DA7C187A9C720008A500 /* UIImageView+AFNetworking.m */,
			);
			path = AFNetworking;
			sourceTree = "<group>";
		};
		94F7DA86187A9C7D0008A500 /* MBProgressHUD */ = {
			isa = PBXGroup;
			children = (
				94F7DA87187A9CA70008A500 /* MBProgressHUD.h */,
				94F7DA88187A9CA70008A500 /* MBProgressHUD.m */,
			);
			name = MBProgressHUD;
			sourceTree = "<group>";
		};
/* End PBXGroup section */

/* Begin PBXNativeTarget section */
		94F7DA2E187A9BE20008A500 /* RemoterCtrl */ = {
			isa = PBXNativeTarget;
			buildConfigurationList = 94F7DA61187A9BE20008A500 /* Build configuration list for PBXNativeTarget "RemoterCtrl" */;
			buildPhases = (
				94F7DA2B187A9BE20008A500 /* Sources */,
				94F7DA2C187A9BE20008A500 /* Frameworks */,
				94F7DA2D187A9BE20008A500 /* Resources */,
			);
			buildRules = (
			);
			dependencies = (
			);
			name = RemoterCtrl;
			productName = RemoterCtrl;
			productReference = 94F7DA2F187A9BE20008A500 /* RemoterCtrl.app */;
			productType = "com.apple.product-type.application";
		};
		94F7DA4F187A9BE20008A500 /* RemoterCtrlTests */ = {
			isa = PBXNativeTarget;
			buildConfigurationList = 94F7DA64187A9BE20008A500 /* Build configuration list for PBXNativeTarget "RemoterCtrlTests" */;
			buildPhases = (
				94F7DA4C187A9BE20008A500 /* Sources */,
				94F7DA4D187A9BE20008A500 /* Frameworks */,
				94F7DA4E187A9BE20008A500 /* Resources */,
			);
			buildRules = (
			);
			dependencies = (
				94F7DA56187A9BE20008A500 /* PBXTargetDependency */,
			);
			name = RemoterCtrlTests;
			productName = RemoterCtrlTests;
			productReference = 94F7DA50187A9BE20008A500 /* RemoterCtrlTests.xctest */;
			productType = "com.apple.product-type.bundle.unit-test";
		};
/* End PBXNativeTarget section */

/* Begin PBXProject section */
		94F7DA27187A9BE10008A500 /* Project object */ = {
			isa = PBXProject;
			attributes = {
				CLASSPREFIX = BID;
				LastUpgradeCheck = 0510;
				ORGANIZATIONNAME = Jeanne;
				TargetAttributes = {
					94F7DA2E187A9BE20008A500 = {
						DevelopmentTeam = FZFH96B59P;
					};
					94F7DA4F187A9BE20008A500 = {
						TestTargetID = 94F7DA2E187A9BE20008A500;
					};
				};
			};
			buildConfigurationList = 94F7DA2A187A9BE10008A500 /* Build configuration list for PBXProject "RemoterCtrl" */;
			compatibilityVersion = "Xcode 3.2";
			developmentRegion = English;
			hasScannedForEncodings = 0;
			knownRegions = (
				en,
				Base,
			);
			mainGroup = 94F7DA26187A9BE10008A500;
			productRefGroup = 94F7DA30187A9BE20008A500 /* Products */;
			projectDirPath = "";
			projectRoot = "";
			targets = (
				94F7DA2E187A9BE20008A500 /* RemoterCtrl */,
				94F7DA4F187A9BE20008A500 /* RemoterCtrlTests */,
			);
		};
/* End PBXProject section */

/* Begin PBXResourcesBuildPhase section */
		94F7DA2D187A9BE20008A500 /* Resources */ = {
			isa = PBXResourcesBuildPhase;
			buildActionMask = 2147483647;
			files = (
				94B2A20B18C480D400EFBC25 /* btn_msg.png in Resources */,
				9441D9391895ECF50034D528 /* radio_bk.png in Resources */,
				94B122FA18A9C3BD00CA3FF0 /* RadioMusic.png in Resources */,
				9467E5B018E040A80005D339 /* mainbar_bg_ipad.png in Resources */,
				94A47D2318DC102200CCB80A /* icon_58.png in Resources */,
				947C676418D4145600E70B7F /* da.plist in Resources */,
				94B122FD18A9FA3800CA3FF0 /* search.png in Resources */,
				9467E5AC18E03B7E0005D339 /* LocalRadio_icon_ipad.png in Resources */,
				94A47D3118DC1E8500CCB80A /* Main_iphone4.xib in Resources */,
				94A47D3918DC49F600CCB80A /* BIDSubViewController_ipad.xib in Resources */,
				947C676618D415A800E70B7F /* sv.plist in Resources */,
				94A47D1E18DC0B1100CCB80A /* BIDConfigViewController_iphone4.xib in Resources */,
				943CFF5F18C851D900FB81F6 /* icon_40.png in Resources */,
				94C840B8188654BF0050730A /* icon_80.png in Resources */,
				9475DC8E188E4F1500AD1792 /* play.png in Resources */,
				9475DC90188E657A00AD1792 /* left.png in Resources */,
				9467E5AE18E03B7E0005D339 /* start_ipad.png in Resources */,
				94B122FB18A9C3BD00CA3FF0 /* Service.png in Resources */,
				94B122FF18A9FCE400CA3FF0 /* bar_notice.png in Resources */,
				943C4DF918A89C0300643A7A /* bar_top.png in Resources */,
				94A47D3718DC480900CCB80A /* Main_ipad.xib in Resources */,
				9467E5AB18E03B7E0005D339 /* Radio_icon_ipad.png in Resources */,
				94A47D2A18DC115400CCB80A /* icon_114.png in Resources */,
				94CCD41B18C5CAB9005BEB2D /* btn_preset_s_click.png in Resources */,
				9467E5A218E03B7E0005D339 /* wifi_setting_ipad.png in Resources */,
				94A47D2518DC113800CCB80A /* icon_57.png in Resources */,
				9467E5BD18E0651B0005D339 /* bar_bg_ipad.png in Resources */,
				943C4DF718A8763A00643A7A /* BIDConfigViewController.xib in Resources */,
				94A47D2D18DC118400CCB80A /* icon_50.png in Resources */,
				9467E5AD18E03B7E0005D339 /* MediaCenter_icon_ipad.png in Resources */,
				94F7DA90187A9CBE0008A500 /* 37x-Checkmark.png in Resources */,
				94B122F918A9C3BD00CA3FF0 /* MyFavorite.png in Resources */,
				94B37531187E9700007E1975 /* star.png in Resources */,
				9441D9351895EBDD0034D528 /* album.png in Resources */,
				947C675E18D40B0100E70B7F /* de.plist in Resources */,
				945F11F318953D6E008BF222 /* mute.png in Resources */,
				947C676818D416B000E70B7F /* nb.plist in Resources */,
				945F11F918954E24008BF222 /* bar_play_top.png in Resources */,
				9467E5AA18E03B7E0005D339 /* play_ipad.png in Resources */,
				94A47D2918DC115400CCB80A /* icon_100.png in Resources */,
				947C676A18D417A400E70B7F /* ru.plist in Resources */,
				9467E5BB18E05CFC0005D339 /* BIDConfigViewController_ipad.xib in Resources */,
				94D09A0C1898CA840099F90C /* start.png in Resources */,
				9475DC8C188E4D0000AD1792 /* config.png in Resources */,
				94F7DA4B187A9BE20008A500 /* Images.xcassets in Resources */,
				943CFF6118C851D900FB81F6 /* icon_152.png in Resources */,
				947C676218D40B0A00E70B7F /* fr.plist in Resources */,
				9467E5A718E03B7E0005D339 /* MyFavorite_ipad.png in Resources */,
				94B122F818A9C3BD00CA3FF0 /* LocalRadio.png in Resources */,
				943C4E0518A9007500643A7A /* btn_add_dis.png in Resources */,
				94B3752F187E9585007E1975 /* home.png in Resources */,
				943C4E0718A9007500643A7A /* btn_preset_h_dis.png in Resources */,
				943C4E0818A9007500643A7A /* btn_preset_s_dis.png in Resources */,
				94A47D3518DC418900CCB80A /* start_320x480.png in Resources */,
				9467E5A818E03B7E0005D339 /* home_ipad.png in Resources */,
				9475DC7A188E0E4A00AD1792 /* bk_list.png in Resources */,
				943C4DFE18A8DD0500643A7A /* btn_preset_s.png in Resources */,
				9467E5A918E03B7E0005D339 /* config_ipad.png in Resources */,
				9467E5A318E03B7E0005D339 /* Service_ipad.png in Resources */,
				943C4E0018A8DD1300643A7A /* btn_preset_h.png in Resources */,
				9467E5A418E03B7E0005D339 /* History_ipad.png in Resources */,
				94B122F718A9C3BD00CA3FF0 /* History.png in Resources */,
				9463FE0418D6DEF50025A803 /* info.png in Resources */,
				94D09A0A1898C5070099F90C /* MediaCenter_icon.png in Resources */,
				9467E5B918E045DD0005D339 /* search_ipad.png in Resources */,
				94B1230118A9FDAC00CA3FF0 /* bar_menu.png in Resources */,
				9441D9331895EBCE0034D528 /* radio.png in Resources */,
				94A47D1C18DBFF7900CCB80A /* BIDSubViewController_iphone4.xib in Resources */,
				94F7DA3D187A9BE20008A500 /* InfoPlist.strings in Resources */,
				9467E5A618E03B7E0005D339 /* RadioMusic_ipad.png in Resources */,
				9441D9371895ECE30034D528 /* bar_play_middle.png in Resources */,
				94CCD41918C5BF29005BEB2D /* btn_back.png in Resources */,
				94F7DA91187A9CBE0008A500 /* 37x-Checkmark@2x.png in Resources */,
				94BC632F187BA7E50038D7C4 /* BIDSubViewController.xib in Resources */,
				943CFF6018C851D900FB81F6 /* icon_76.png in Resources */,
				94CCD41718C59D22005BEB2D /* wifi_setting.png in Resources */,
				94D09A061898A0A90099F90C /* LocalRadio_icon.png in Resources */,
				94D09A081898A0A90099F90C /* Radio_icon.png in Resources */,
				943C4E0618A9007500643A7A /* btn_add.png in Resources */,
				945F11F5189547E7008BF222 /* btn_stop.png in Resources */,
				943CFF5E18C851D900FB81F6 /* icon_29.png in Resources */,
				94A47D2F18DC11BE00CCB80A /* icon_72.png in Resources */,
				945F11F7189548AF008BF222 /* bar_play_bottom.png in Resources */,
				94A47D3318DC266500CCB80A /* Main_iphone5.xib in Resources */,
				94A47D2B18DC115400CCB80A /* icon_144.png in Resources */,
				945F11F11894ECB6008BF222 /* vol.png in Resources */,
				9434232518A4B00A00D810D7 /* mainbar_bg.png in Resources */,
				94B2A20918C47E0700EFBC25 /* dlnarename_bg.png in Resources */,
				94B2A20D18C4B9B500EFBC25 /* left_tab.png in Resources */,
				947C676118D40B0A00E70B7F /* en.plist in Resources */,
				9467E5A518E03B7E0005D339 /* LocalRadio_ipad.png in Resources */,
				9475DC7C188E1CA100AD1792 /* bar_bg.png in Resources */,
				94C840BA188654C90050730A /* icon_120.png in Resources */,
			);
			runOnlyForDeploymentPostprocessing = 0;
		};
		94F7DA4E187A9BE20008A500 /* Resources */ = {
			isa = PBXResourcesBuildPhase;
			buildActionMask = 2147483647;
			files = (
				94F7DA5C187A9BE20008A500 /* InfoPlist.strings in Resources */,
			);
			runOnlyForDeploymentPostprocessing = 0;
		};
/* End PBXResourcesBuildPhase section */

/* Begin PBXSourcesBuildPhase section */
		94F7DA2B187A9BE20008A500 /* Sources */ = {
			isa = PBXSourcesBuildPhase;
			buildActionMask = 2147483647;
			files = (
				94F7DA93187A9CBE0008A500 /* ILHTTPClient.m in Sources */,
				94F7DA92187A9CBE0008A500 /* MBProgressHUD+CustomAdditions.m in Sources */,
				94F7DA7F187A9C720008A500 /* AFImageRequestOperation.m in Sources */,
				94F7DA43187A9BE20008A500 /* BIDAppDelegate.m in Sources */,
				94BC6332187BD1F90038D7C4 /* BIDItemCell.m in Sources */,
				94F7DA82187A9C720008A500 /* AFPropertyListRequestOperation.m in Sources */,
				94F7DA96187AA9200008A500 /* BIDMenuProperty.m in Sources */,
				94F7DA49187A9BE20008A500 /* BIDViewController.m in Sources */,
				94F7DA83187A9C720008A500 /* AFURLConnectionOperation.m in Sources */,
				943C4DF618A8763A00643A7A /* BIDConfigViewController.m in Sources */,
				94F7DA84187A9C720008A500 /* AFXMLRequestOperation.m in Sources */,
				94F7DA80187A9C720008A500 /* AFJSONRequestOperation.m in Sources */,
				94F7DA85187A9C720008A500 /* UIImageView+AFNetworking.m in Sources */,
				94F7DA81187A9C720008A500 /* AFNetworkActivityIndicatorManager.m in Sources */,
				94F7DA89187A9CA70008A500 /* MBProgressHUD.m in Sources */,
				94BC632E187BA7E50038D7C4 /* BIDSubViewController.m in Sources */,
				943C4DFC18A8A44B00643A7A /* GRAlertView.m in Sources */,
				94F7DA7E187A9C720008A500 /* AFHTTPRequestOperation.m in Sources */,
				94A47D2118DC0CD600CCB80A /* BIDUIDevice.m in Sources */,
				94F7DA3F187A9BE20008A500 /* main.m in Sources */,
				94F7DA7D187A9C720008A500 /* AFHTTPClient.m in Sources */,
			);
			runOnlyForDeploymentPostprocessing = 0;
		};
		94F7DA4C187A9BE20008A500 /* Sources */ = {
			isa = PBXSourcesBuildPhase;
			buildActionMask = 2147483647;
			files = (
				94F7DA5E187A9BE20008A500 /* RemoterCtrlTests.m in Sources */,
			);
			runOnlyForDeploymentPostprocessing = 0;
		};
/* End PBXSourcesBuildPhase section */

/* Begin PBXTargetDependency section */
		94F7DA56187A9BE20008A500 /* PBXTargetDependency */ = {
			isa = PBXTargetDependency;
			target = 94F7DA2E187A9BE20008A500 /* RemoterCtrl */;
			targetProxy = 94F7DA55187A9BE20008A500 /* PBXContainerItemProxy */;
		};
/* End PBXTargetDependency section */

/* Begin PBXVariantGroup section */
		94F7DA3B187A9BE20008A500 /* InfoPlist.strings */ = {
			isa = PBXVariantGroup;
			children = (
				94F7DA3C187A9BE20008A500 /* en */,
			);
			name = InfoPlist.strings;
			sourceTree = "<group>";
		};
		94F7DA5A187A9BE20008A500 /* InfoPlist.strings */ = {
			isa = PBXVariantGroup;
			children = (
				94F7DA5B187A9BE20008A500 /* en */,
			);
			name = InfoPlist.strings;
			sourceTree = "<group>";
		};
/* End PBXVariantGroup section */

/* Begin XCBuildConfiguration section */
		94F7DA5F187A9BE20008A500 /* Debug */ = {
			isa = XCBuildConfiguration;
			buildSettings = {
				ALWAYS_SEARCH_USER_PATHS = NO;
				CLANG_CXX_LANGUAGE_STANDARD = "gnu++0x";
				CLANG_CXX_LIBRARY = "libc++";
				CLANG_ENABLE_MODULES = YES;
				CLANG_ENABLE_OBJC_ARC = YES;
				CLANG_WARN_BOOL_CONVERSION = YES;
				CLANG_WARN_CONSTANT_CONVERSION = YES;
				CLANG_WARN_DIRECT_OBJC_ISA_USAGE = YES_ERROR;
				CLANG_WARN_EMPTY_BODY = YES;
				CLANG_WARN_ENUM_CONVERSION = YES;
				CLANG_WARN_INT_CONVERSION = YES;
				CLANG_WARN_OBJC_ROOT_CLASS = YES_ERROR;
				CLANG_WARN__DUPLICATE_METHOD_MATCH = YES;
				"CODE_SIGN_IDENTITY[sdk=iphoneos*]" = "iPhone Developer";
				COPY_PHASE_STRIP = NO;
				GCC_C_LANGUAGE_STANDARD = gnu99;
				GCC_DYNAMIC_NO_PIC = NO;
				GCC_OPTIMIZATION_LEVEL = 0;
				GCC_PREPROCESSOR_DEFINITIONS = (
					"DEBUG=1",
					"$(inherited)",
				);
				GCC_SYMBOLS_PRIVATE_EXTERN = NO;
				GCC_WARN_64_TO_32_BIT_CONVERSION = YES;
				GCC_WARN_ABOUT_RETURN_TYPE = YES_ERROR;
				GCC_WARN_UNDECLARED_SELECTOR = YES;
				GCC_WARN_UNINITIALIZED_AUTOS = YES;
				GCC_WARN_UNUSED_FUNCTION = YES;
				GCC_WARN_UNUSED_VARIABLE = YES;
				IPHONEOS_DEPLOYMENT_TARGET = 7.0;
				ONLY_ACTIVE_ARCH = YES;
				SDKROOT = iphoneos;
			};
			name = Debug;
		};
		94F7DA60187A9BE20008A500 /* Release */ = {
			isa = XCBuildConfiguration;
			buildSettings = {
				ALWAYS_SEARCH_USER_PATHS = NO;
				CLANG_CXX_LANGUAGE_STANDARD = "gnu++0x";
				CLANG_CXX_LIBRARY = "libc++";
				CLANG_ENABLE_MODULES = YES;
				CLANG_ENABLE_OBJC_ARC = YES;
				CLANG_WARN_BOOL_CONVERSION = YES;
				CLANG_WARN_CONSTANT_CONVERSION = YES;
				CLANG_WARN_DIRECT_OBJC_ISA_USAGE = YES_ERROR;
				CLANG_WARN_EMPTY_BODY = YES;
				CLANG_WARN_ENUM_CONVERSION = YES;
				CLANG_WARN_INT_CONVERSION = YES;
				CLANG_WARN_OBJC_ROOT_CLASS = YES_ERROR;
				CLANG_WARN__DUPLICATE_METHOD_MATCH = YES;
				"CODE_SIGN_IDENTITY[sdk=iphoneos*]" = "iPhone Developer";
				COPY_PHASE_STRIP = YES;
				ENABLE_NS_ASSERTIONS = NO;
				GCC_C_LANGUAGE_STANDARD = gnu99;
				GCC_WARN_64_TO_32_BIT_CONVERSION = YES;
				GCC_WARN_ABOUT_RETURN_TYPE = YES_ERROR;
				GCC_WARN_UNDECLARED_SELECTOR = YES;
				GCC_WARN_UNINITIALIZED_AUTOS = YES;
				GCC_WARN_UNUSED_FUNCTION = YES;
				GCC_WARN_UNUSED_VARIABLE = YES;
				IPHONEOS_DEPLOYMENT_TARGET = 7.0;
				SDKROOT = iphoneos;
				VALIDATE_PRODUCT = YES;
			};
			name = Release;
		};
		94F7DA62187A9BE20008A500 /* Debug */ = {
			isa = XCBuildConfiguration;
			buildSettings = {
				ASSETCATALOG_COMPILER_APPICON_NAME = AppIcon_ipad;
				ASSETCATALOG_COMPILER_LAUNCHIMAGE_NAME = LaunchImage;
				CODE_SIGN_ENTITLEMENTS = RemoterCtrl/RemoterCtrl.entitlements;
				CODE_SIGN_IDENTITY = "iPhone Developer: Sandy Chen (75CFMPERRK)";
				FRAMEWORK_SEARCH_PATHS = (
					"$(inherited)",
					/Users/zhangqiaoling/RemoterCtrl,
				);
				GCC_PRECOMPILE_PREFIX_HEADER = YES;
				GCC_PREFIX_HEADER = "RemoterCtrl/RemoterCtrl-Prefix.pch";
				INFOPLIST_FILE = "RemoterCtrl/RemoterCtrl-Info.plist";
				IPHONEOS_DEPLOYMENT_TARGET = 7.1;
				LIBRARY_SEARCH_PATHS = (
					"$(USER_LIBRARY_DIR)/Developer/Xcode/DerivedData/Remoter-gmngbfwyysfhmyerbetubvdzvflo/Build/Products/Debug-iphoneos",
					/Users/zhangqiaoling/Downloads/TestFlightSDK2,
					/Users/zhangqiaoling/RemoterCtrl/RemoterCtrl,
				);
				ONLY_ACTIVE_ARCH = YES;
				OTHER_LDFLAGS = (
					"-lstdc++",
					"-all_load",
				);
				PRODUCT_NAME = "$(TARGET_NAME)";
				PROVISIONING_PROFILE = "EB94992A-25F6-47F1-89B5-7BF827524F4C";
				SEPARATE_STRIP = NO;
				TARGETED_DEVICE_FAMILY = "1,2";
				"USER_HEADER_SEARCH_PATHS[arch=*]" = "./src/api ./src/port/ios";
				WRAPPER_EXTENSION = app;
			};
			name = Debug;
		};
		94F7DA63187A9BE20008A500 /* Release */ = {
			isa = XCBuildConfiguration;
			buildSettings = {
				ASSETCATALOG_COMPILER_APPICON_NAME = AppIcon_ipad;
				ASSETCATALOG_COMPILER_LAUNCHIMAGE_NAME = LaunchImage;
				CODE_SIGN_ENTITLEMENTS = RemoterCtrl/RemoterCtrl.entitlements;
				CODE_SIGN_IDENTITY = "iPhone Developer: Sandy Chen (75CFMPERRK)";
				"CODE_SIGN_IDENTITY[sdk=iphoneos*]" = "iPhone Developer: Sandy Chen (75CFMPERRK)";
				FRAMEWORK_SEARCH_PATHS = (
					"$(inherited)",
					/Users/zhangqiaoling/RemoterCtrl,
				);
				GCC_PRECOMPILE_PREFIX_HEADER = YES;
				GCC_PREFIX_HEADER = "RemoterCtrl/RemoterCtrl-Prefix.pch";
				INFOPLIST_FILE = "RemoterCtrl/RemoterCtrl-Info.plist";
				IPHONEOS_DEPLOYMENT_TARGET = 7.1;
				LIBRARY_SEARCH_PATHS = (
					"$(USER_LIBRARY_DIR)/Developer/Xcode/DerivedData/Remoter-gmngbfwyysfhmyerbetubvdzvflo/Build/Products/Debug-iphoneos",
					/Users/zhangqiaoling/Downloads/TestFlightSDK2,
					/Users/zhangqiaoling/RemoterCtrl/RemoterCtrl,
				);
				ONLY_ACTIVE_ARCH = NO;
				OTHER_LDFLAGS = (
					"-lstdc++",
					"-all_load",
				);
				PRODUCT_NAME = "$(TARGET_NAME)";
				PROVISIONING_PROFILE = "EB94992A-25F6-47F1-89B5-7BF827524F4C";
				SEPARATE_STRIP = NO;
				TARGETED_DEVICE_FAMILY = "1,2";
				USER_HEADER_SEARCH_PATHS = "./src/api ./src/port/ios";
				WRAPPER_EXTENSION = app;
			};
			name = Release;
		};
		94F7DA65187A9BE20008A500 /* Debug */ = {
			isa = XCBuildConfiguration;
			buildSettings = {
				BUNDLE_LOADER = "$(BUILT_PRODUCTS_DIR)/RemoterCtrl.app/RemoterCtrl";
				FRAMEWORK_SEARCH_PATHS = (
					"$(SDKROOT)/Developer/Library/Frameworks",
					"$(inherited)",
					"$(DEVELOPER_FRAMEWORKS_DIR)",
				);
				GCC_PRECOMPILE_PREFIX_HEADER = YES;
				GCC_PREFIX_HEADER = "RemoterCtrl/RemoterCtrl-Prefix.pch";
				GCC_PREPROCESSOR_DEFINITIONS = (
					"DEBUG=1",
					"$(inherited)",
				);
				INFOPLIST_FILE = "RemoterCtrlTests/RemoterCtrlTests-Info.plist";
				PRODUCT_NAME = "$(TARGET_NAME)";
				TEST_HOST = "$(BUNDLE_LOADER)";
				WRAPPER_EXTENSION = xctest;
			};
			name = Debug;
		};
		94F7DA66187A9BE20008A500 /* Release */ = {
			isa = XCBuildConfiguration;
			buildSettings = {
				BUNDLE_LOADER = "$(BUILT_PRODUCTS_DIR)/RemoterCtrl.app/RemoterCtrl";
				FRAMEWORK_SEARCH_PATHS = (
					"$(SDKROOT)/Developer/Library/Frameworks",
					"$(inherited)",
					"$(DEVELOPER_FRAMEWORKS_DIR)",
				);
				GCC_PRECOMPILE_PREFIX_HEADER = YES;
				GCC_PREFIX_HEADER = "RemoterCtrl/RemoterCtrl-Prefix.pch";
				INFOPLIST_FILE = "RemoterCtrlTests/RemoterCtrlTests-Info.plist";
				PRODUCT_NAME = "$(TARGET_NAME)";
				TEST_HOST = "$(BUNDLE_LOADER)";
				WRAPPER_EXTENSION = xctest;
			};
			name = Release;
		};
/* End XCBuildConfiguration section */

/* Begin XCConfigurationList section */
		94F7DA2A187A9BE10008A500 /* Build configuration list for PBXProject "RemoterCtrl" */ = {
			isa = XCConfigurationList;
			buildConfigurations = (
				94F7DA5F187A9BE20008A500 /* Debug */,
				94F7DA60187A9BE20008A500 /* Release */,
			);
			defaultConfigurationIsVisible = 0;
			defaultConfigurationName = Release;
		};
		94F7DA61187A9BE20008A500 /* Build configuration list for PBXNativeTarget "RemoterCtrl" */ = {
			isa = XCConfigurationList;
			buildConfigurations = (
				94F7DA62187A9BE20008A500 /* Debug */,
				94F7DA63187A9BE20008A500 /* Release */,
			);
			defaultConfigurationIsVisible = 0;
			defaultConfigurationName = Release;
		};
		94F7DA64187A9BE20008A500 /* Build configuration list for PBXNativeTarget "RemoterCtrlTests" */ = {
			isa = XCConfigurationList;
			buildConfigurations = (
				94F7DA65187A9BE20008A500 /* Debug */,
				94F7DA66187A9BE20008A500 /* Release */,
			);
			defaultConfigurationIsVisible = 0;
			defaultConfigurationName = Release;
		};
/* End XCConfigurationList section */
	};
	rootObject = 94F7DA27187A9BE10008A500 /* Project object */;
}
